
Microsoft Visual Studio Solution File, Format Version 12.00
# Visual Studio Version 17
VisualStudioVersion = 17.6.33606.364
MinimumVisualStudioVersion = 10.0.40219.1
Project("{9A19103F-16F7-4668-BE54-9A1E7A4F7556}") = "Kitopia", "uToolkitopia\Kitopia.csproj", "{72701095-3206-43E0-A20B-F27E821FA049}"
EndProject
Project("{9A19103F-16F7-4668-BE54-9A1E7A4F7556}") = "Core", "Core\Core.csproj", "{48AA7450-F61F-4D21-8B04-1649B1DED462}"
	ProjectSection(ProjectDependencies) = postProject
		{B27A1A07-DFEF-4802-99C6-A11AB41719CF} = {B27A1A07-DFEF-4802-99C6-A11AB41719CF}
	EndProjectSection
EndProject
Project("{9A19103F-16F7-4668-BE54-9A1E7A4F7556}") = "PluginCore", "PluginCore\PluginCore.csproj", "{B27A1A07-DFEF-4802-99C6-A11AB41719CF}"
EndProject
Project("{9A19103F-16F7-4668-BE54-9A1E7A4F7556}") = "KitopiaEx", "KitopiaEx\KitopiaEx.csproj", "{FAC70F92-586D-49DD-A8B9-25EE2BF5AF79}"
EndProject
Project("{9A19103F-16F7-4668-BE54-9A1E7A4F7556}") = "PlugCleanTool", "PlugCleanTool\PlugCleanTool.csproj", "{D62693D6-F607-4981-9CA6-E70A5F09E0C9}"
EndProject
Project("{FAE04EC0-301F-11D3-BF4B-00C04F79EFBC}") = "KitopiaWeb.Server", "KitopiaWeb\KitopiaWeb.Server\KitopiaWeb.Server.csproj", "{D23F8197-C174-4DF2-9530-DB2E9DD41731}"
EndProject
Project("{54A90642-561A-4BB1-A94E-469ADEE60C69}") = "kitopiaweb.client", "KitopiaWeb\kitopiaweb.client\kitopiaweb.client.esproj", "{26D8DFBA-55B0-44BA-BABA-E9DAB616492E}"
EndProject
Project("{FAE04EC0-301F-11D3-BF4B-00C04F79EFBC}") = "KitopiaAvalonia", "KitopiaAvalonia\KitopiaAvalonia.csproj", "{595EC7E6-699C-4E29-B958-098510A2BEEB}"
EndProject
Project("{FAE04EC0-301F-11D3-BF4B-00C04F79EFBC}") = "NodifyM.Avalonia", "..\NodifyM.Avalonia\NodifyM.Avalonia\NodifyM.Avalonia.csproj", "{0973AB84-5351-4610-9856-31C20D97DB81}"
EndProject
Global
	GlobalSection(SolutionConfigurationPlatforms) = preSolution
		Debug|Any CPU = Debug|Any CPU
		Debug|ARM = Debug|ARM
		Debug|arm64 = Debug|arm64
		Debug|x64 = Debug|x64
		Debug|x86 = Debug|x86
		Release|Any CPU = Release|Any CPU
		Release|ARM = Release|ARM
		Release|arm64 = Release|arm64
		Release|x64 = Release|x64
		Release|x86 = Release|x86
	EndGlobalSection
	GlobalSection(ProjectConfigurationPlatforms) = postSolution
		{72701095-3206-43E0-A20B-F27E821FA049}.Debug|Any CPU.ActiveCfg = Debug|Any CPU
		{72701095-3206-43E0-A20B-F27E821FA049}.Debug|Any CPU.Build.0 = Debug|Any CPU
		{72701095-3206-43E0-A20B-F27E821FA049}.Debug|ARM.ActiveCfg = Debug|Any CPU
		{72701095-3206-43E0-A20B-F27E821FA049}.Debug|ARM.Build.0 = Debug|Any CPU
		{72701095-3206-43E0-A20B-F27E821FA049}.Debug|arm64.ActiveCfg = Debug|Any CPU
		{72701095-3206-43E0-A20B-F27E821FA049}.Debug|arm64.Build.0 = Debug|Any CPU
		{72701095-3206-43E0-A20B-F27E821FA049}.Debug|x64.ActiveCfg = Debug|Any CPU
		{72701095-3206-43E0-A20B-F27E821FA049}.Debug|x64.Build.0 = Debug|Any CPU
		{72701095-3206-43E0-A20B-F27E821FA049}.Debug|x86.ActiveCfg = Debug|Any CPU
		{72701095-3206-43E0-A20B-F27E821FA049}.Debug|x86.Build.0 = Debug|Any CPU
		{72701095-3206-43E0-A20B-F27E821FA049}.Release|Any CPU.ActiveCfg = Release|Any CPU
		{72701095-3206-43E0-A20B-F27E821FA049}.Release|Any CPU.Build.0 = Release|Any CPU
		{72701095-3206-43E0-A20B-F27E821FA049}.Release|ARM.ActiveCfg = Release|Any CPU
		{72701095-3206-43E0-A20B-F27E821FA049}.Release|ARM.Build.0 = Release|Any CPU
		{72701095-3206-43E0-A20B-F27E821FA049}.Release|arm64.ActiveCfg = Release|Any CPU
		{72701095-3206-43E0-A20B-F27E821FA049}.Release|arm64.Build.0 = Release|Any CPU
		{72701095-3206-43E0-A20B-F27E821FA049}.Release|x64.ActiveCfg = Release|Any CPU
		{72701095-3206-43E0-A20B-F27E821FA049}.Release|x64.Build.0 = Release|Any CPU
		{72701095-3206-43E0-A20B-F27E821FA049}.Release|x86.ActiveCfg = Release|Any CPU
		{72701095-3206-43E0-A20B-F27E821FA049}.Release|x86.Build.0 = Release|Any CPU
		{48AA7450-F61F-4D21-8B04-1649B1DED462}.Debug|Any CPU.ActiveCfg = Debug|Any CPU
		{48AA7450-F61F-4D21-8B04-1649B1DED462}.Debug|Any CPU.Build.0 = Debug|Any CPU
		{48AA7450-F61F-4D21-8B04-1649B1DED462}.Debug|ARM.ActiveCfg = Debug|Any CPU
		{48AA7450-F61F-4D21-8B04-1649B1DED462}.Debug|ARM.Build.0 = Debug|Any CPU
		{48AA7450-F61F-4D21-8B04-1649B1DED462}.Debug|arm64.ActiveCfg = Debug|Any CPU
		{48AA7450-F61F-4D21-8B04-1649B1DED462}.Debug|arm64.Build.0 = Debug|Any CPU
		{48AA7450-F61F-4D21-8B04-1649B1DED462}.Debug|x64.ActiveCfg = Debug|Any CPU
		{48AA7450-F61F-4D21-8B04-1649B1DED462}.Debug|x64.Build.0 = Debug|Any CPU
		{48AA7450-F61F-4D21-8B04-1649B1DED462}.Debug|x86.ActiveCfg = Debug|Any CPU
		{48AA7450-F61F-4D21-8B04-1649B1DED462}.Debug|x86.Build.0 = Debug|Any CPU
		{48AA7450-F61F-4D21-8B04-1649B1DED462}.Release|Any CPU.ActiveCfg = Release|Any CPU
		{48AA7450-F61F-4D21-8B04-1649B1DED462}.Release|Any CPU.Build.0 = Release|Any CPU
		{48AA7450-F61F-4D21-8B04-1649B1DED462}.Release|ARM.ActiveCfg = Release|Any CPU
		{48AA7450-F61F-4D21-8B04-1649B1DED462}.Release|ARM.Build.0 = Release|Any CPU
		{48AA7450-F61F-4D21-8B04-1649B1DED462}.Release|arm64.ActiveCfg = Release|Any CPU
		{48AA7450-F61F-4D21-8B04-1649B1DED462}.Release|arm64.Build.0 = Release|Any CPU
		{48AA7450-F61F-4D21-8B04-1649B1DED462}.Release|x64.ActiveCfg = Release|Any CPU
		{48AA7450-F61F-4D21-8B04-1649B1DED462}.Release|x64.Build.0 = Release|Any CPU
		{48AA7450-F61F-4D21-8B04-1649B1DED462}.Release|x86.ActiveCfg = Release|Any CPU
		{48AA7450-F61F-4D21-8B04-1649B1DED462}.Release|x86.Build.0 = Release|Any CPU
		{B27A1A07-DFEF-4802-99C6-A11AB41719CF}.Debug|Any CPU.ActiveCfg = Debug|Any CPU
		{B27A1A07-DFEF-4802-99C6-A11AB41719CF}.Debug|Any CPU.Build.0 = Debug|Any CPU
		{B27A1A07-DFEF-4802-99C6-A11AB41719CF}.Debug|ARM.ActiveCfg = Debug|Any CPU
		{B27A1A07-DFEF-4802-99C6-A11AB41719CF}.Debug|ARM.Build.0 = Debug|Any CPU
		{B27A1A07-DFEF-4802-99C6-A11AB41719CF}.Debug|arm64.ActiveCfg = Debug|Any CPU
		{B27A1A07-DFEF-4802-99C6-A11AB41719CF}.Debug|arm64.Build.0 = Debug|Any CPU
		{B27A1A07-DFEF-4802-99C6-A11AB41719CF}.Debug|x64.ActiveCfg = Debug|Any CPU
		{B27A1A07-DFEF-4802-99C6-A11AB41719CF}.Debug|x64.Build.0 = Debug|Any CPU
		{B27A1A07-DFEF-4802-99C6-A11AB41719CF}.Debug|x86.ActiveCfg = Debug|Any CPU
		{B27A1A07-DFEF-4802-99C6-A11AB41719CF}.Debug|x86.Build.0 = Debug|Any CPU
		{B27A1A07-DFEF-4802-99C6-A11AB41719CF}.Release|Any CPU.ActiveCfg = Release|Any CPU
		{B27A1A07-DFEF-4802-99C6-A11AB41719CF}.Release|Any CPU.Build.0 = Release|Any CPU
		{B27A1A07-DFEF-4802-99C6-A11AB41719CF}.Release|ARM.ActiveCfg = Release|Any CPU
		{B27A1A07-DFEF-4802-99C6-A11AB41719CF}.Release|ARM.Build.0 = Release|Any CPU
		{B27A1A07-DFEF-4802-99C6-A11AB41719CF}.Release|arm64.ActiveCfg = Release|Any CPU
		{B27A1A07-DFEF-4802-99C6-A11AB41719CF}.Release|arm64.Build.0 = Release|Any CPU
		{B27A1A07-DFEF-4802-99C6-A11AB41719CF}.Release|x64.ActiveCfg = Release|Any CPU
		{B27A1A07-DFEF-4802-99C6-A11AB41719CF}.Release|x64.Build.0 = Release|Any CPU
		{B27A1A07-DFEF-4802-99C6-A11AB41719CF}.Release|x86.ActiveCfg = Release|Any CPU
		{B27A1A07-DFEF-4802-99C6-A11AB41719CF}.Release|x86.Build.0 = Release|Any CPU
		{FAC70F92-586D-49DD-A8B9-25EE2BF5AF79}.Debug|Any CPU.ActiveCfg = Debug|Any CPU
		{FAC70F92-586D-49DD-A8B9-25EE2BF5AF79}.Debug|Any CPU.Build.0 = Debug|Any CPU
		{FAC70F92-586D-49DD-A8B9-25EE2BF5AF79}.Debug|ARM.ActiveCfg = Debug|Any CPU
		{FAC70F92-586D-49DD-A8B9-25EE2BF5AF79}.Debug|ARM.Build.0 = Debug|Any CPU
		{FAC70F92-586D-49DD-A8B9-25EE2BF5AF79}.Debug|arm64.ActiveCfg = Debug|Any CPU
		{FAC70F92-586D-49DD-A8B9-25EE2BF5AF79}.Debug|arm64.Build.0 = Debug|Any CPU
		{FAC70F92-586D-49DD-A8B9-25EE2BF5AF79}.Debug|x64.ActiveCfg = Debug|Any CPU
		{FAC70F92-586D-49DD-A8B9-25EE2BF5AF79}.Debug|x64.Build.0 = Debug|Any CPU
		{FAC70F92-586D-49DD-A8B9-25EE2BF5AF79}.Debug|x86.ActiveCfg = Debug|Any CPU
		{FAC70F92-586D-49DD-A8B9-25EE2BF5AF79}.Debug|x86.Build.0 = Debug|Any CPU
		{FAC70F92-586D-49DD-A8B9-25EE2BF5AF79}.Release|Any CPU.ActiveCfg = Release|Any CPU
		{FAC70F92-586D-49DD-A8B9-25EE2BF5AF79}.Release|Any CPU.Build.0 = Release|Any CPU
		{FAC70F92-586D-49DD-A8B9-25EE2BF5AF79}.Release|ARM.ActiveCfg = Release|Any CPU
		{FAC70F92-586D-49DD-A8B9-25EE2BF5AF79}.Release|ARM.Build.0 = Release|Any CPU
		{FAC70F92-586D-49DD-A8B9-25EE2BF5AF79}.Release|arm64.ActiveCfg = Release|Any CPU
		{FAC70F92-586D-49DD-A8B9-25EE2BF5AF79}.Release|arm64.Build.0 = Release|Any CPU
		{FAC70F92-586D-49DD-A8B9-25EE2BF5AF79}.Release|x64.ActiveCfg = Release|Any CPU
		{FAC70F92-586D-49DD-A8B9-25EE2BF5AF79}.Release|x64.Build.0 = Release|Any CPU
		{FAC70F92-586D-49DD-A8B9-25EE2BF5AF79}.Release|x86.ActiveCfg = Release|Any CPU
		{FAC70F92-586D-49DD-A8B9-25EE2BF5AF79}.Release|x86.Build.0 = Release|Any CPU
		{D62693D6-F607-4981-9CA6-E70A5F09E0C9}.Debug|Any CPU.ActiveCfg = Debug|Any CPU
		{D62693D6-F607-4981-9CA6-E70A5F09E0C9}.Debug|Any CPU.Build.0 = Debug|Any CPU
		{D62693D6-F607-4981-9CA6-E70A5F09E0C9}.Debug|ARM.ActiveCfg = Debug|Any CPU
		{D62693D6-F607-4981-9CA6-E70A5F09E0C9}.Debug|ARM.Build.0 = Debug|Any CPU
		{D62693D6-F607-4981-9CA6-E70A5F09E0C9}.Debug|arm64.ActiveCfg = Debug|Any CPU
		{D62693D6-F607-4981-9CA6-E70A5F09E0C9}.Debug|arm64.Build.0 = Debug|Any CPU
		{D62693D6-F607-4981-9CA6-E70A5F09E0C9}.Debug|x64.ActiveCfg = Debug|Any CPU
		{D62693D6-F607-4981-9CA6-E70A5F09E0C9}.Debug|x64.Build.0 = Debug|Any CPU
		{D62693D6-F607-4981-9CA6-E70A5F09E0C9}.Debug|x86.ActiveCfg = Debug|Any CPU
		{D62693D6-F607-4981-9CA6-E70A5F09E0C9}.Debug|x86.Build.0 = Debug|Any CPU
		{D62693D6-F607-4981-9CA6-E70A5F09E0C9}.Release|Any CPU.ActiveCfg = Release|Any CPU
		{D62693D6-F607-4981-9CA6-E70A5F09E0C9}.Release|Any CPU.Build.0 = Release|Any CPU
		{D62693D6-F607-4981-9CA6-E70A5F09E0C9}.Release|ARM.ActiveCfg = Release|Any CPU
		{D62693D6-F607-4981-9CA6-E70A5F09E0C9}.Release|ARM.Build.0 = Release|Any CPU
		{D62693D6-F607-4981-9CA6-E70A5F09E0C9}.Release|arm64.ActiveCfg = Release|Any CPU
		{D62693D6-F607-4981-9CA6-E70A5F09E0C9}.Release|arm64.Build.0 = Release|Any CPU
		{D62693D6-F607-4981-9CA6-E70A5F09E0C9}.Release|x64.ActiveCfg = Release|Any CPU
		{D62693D6-F607-4981-9CA6-E70A5F09E0C9}.Release|x64.Build.0 = Release|Any CPU
		{D62693D6-F607-4981-9CA6-E70A5F09E0C9}.Release|x86.ActiveCfg = Release|Any CPU
		{D62693D6-F607-4981-9CA6-E70A5F09E0C9}.Release|x86.Build.0 = Release|Any CPU
		{D23F8197-C174-4DF2-9530-DB2E9DD41731}.Debug|Any CPU.ActiveCfg = Debug|Any CPU
		{D23F8197-C174-4DF2-9530-DB2E9DD41731}.Debug|Any CPU.Build.0 = Debug|Any CPU
		{D23F8197-C174-4DF2-9530-DB2E9DD41731}.Debug|ARM.ActiveCfg = Debug|Any CPU
		{D23F8197-C174-4DF2-9530-DB2E9DD41731}.Debug|ARM.Build.0 = Debug|Any CPU
		{D23F8197-C174-4DF2-9530-DB2E9DD41731}.Debug|arm64.ActiveCfg = Debug|Any CPU
		{D23F8197-C174-4DF2-9530-DB2E9DD41731}.Debug|arm64.Build.0 = Debug|Any CPU
		{D23F8197-C174-4DF2-9530-DB2E9DD41731}.Debug|x64.ActiveCfg = Debug|Any CPU
		{D23F8197-C174-4DF2-9530-DB2E9DD41731}.Debug|x64.Build.0 = Debug|Any CPU
		{D23F8197-C174-4DF2-9530-DB2E9DD41731}.Debug|x86.ActiveCfg = Debug|Any CPU
		{D23F8197-C174-4DF2-9530-DB2E9DD41731}.Debug|x86.Build.0 = Debug|Any CPU
		{D23F8197-C174-4DF2-9530-DB2E9DD41731}.Release|Any CPU.ActiveCfg = Release|Any CPU
		{D23F8197-C174-4DF2-9530-DB2E9DD41731}.Release|Any CPU.Build.0 = Release|Any CPU
		{D23F8197-C174-4DF2-9530-DB2E9DD41731}.Release|ARM.ActiveCfg = Release|Any CPU
		{D23F8197-C174-4DF2-9530-DB2E9DD41731}.Release|ARM.Build.0 = Release|Any CPU
		{D23F8197-C174-4DF2-9530-DB2E9DD41731}.Release|arm64.ActiveCfg = Release|Any CPU
		{D23F8197-C174-4DF2-9530-DB2E9DD41731}.Release|arm64.Build.0 = Release|Any CPU
		{D23F8197-C174-4DF2-9530-DB2E9DD41731}.Release|x64.ActiveCfg = Release|Any CPU
		{D23F8197-C174-4DF2-9530-DB2E9DD41731}.Release|x64.Build.0 = Release|Any CPU
		{D23F8197-C174-4DF2-9530-DB2E9DD41731}.Release|x86.ActiveCfg = Release|Any CPU
		{D23F8197-C174-4DF2-9530-DB2E9DD41731}.Release|x86.Build.0 = Release|Any CPU
		{26D8DFBA-55B0-44BA-BABA-E9DAB616492E}.Debug|Any CPU.ActiveCfg = Debug|Any CPU
		{26D8DFBA-55B0-44BA-BABA-E9DAB616492E}.Debug|Any CPU.Build.0 = Debug|Any CPU
		{26D8DFBA-55B0-44BA-BABA-E9DAB616492E}.Debug|ARM.ActiveCfg = Debug|Any CPU
		{26D8DFBA-55B0-44BA-BABA-E9DAB616492E}.Debug|ARM.Build.0 = Debug|Any CPU
		{26D8DFBA-55B0-44BA-BABA-E9DAB616492E}.Debug|arm64.ActiveCfg = Debug|Any CPU
		{26D8DFBA-55B0-44BA-BABA-E9DAB616492E}.Debug|arm64.Build.0 = Debug|Any CPU
		{26D8DFBA-55B0-44BA-BABA-E9DAB616492E}.Debug|x64.ActiveCfg = Debug|Any CPU
		{26D8DFBA-55B0-44BA-BABA-E9DAB616492E}.Debug|x64.Build.0 = Debug|Any CPU
		{26D8DFBA-55B0-44BA-BABA-E9DAB616492E}.Debug|x86.ActiveCfg = Debug|Any CPU
		{26D8DFBA-55B0-44BA-BABA-E9DAB616492E}.Debug|x86.Build.0 = Debug|Any CPU
		{26D8DFBA-55B0-44BA-BABA-E9DAB616492E}.Release|Any CPU.ActiveCfg = Debug|Any CPU
		{26D8DFBA-55B0-44BA-BABA-E9DAB616492E}.Release|Any CPU.Build.0 = Debug|Any CPU
		{26D8DFBA-55B0-44BA-BABA-E9DAB616492E}.Release|ARM.ActiveCfg = Debug|Any CPU
		{26D8DFBA-55B0-44BA-BABA-E9DAB616492E}.Release|ARM.Build.0 = Debug|Any CPU
		{26D8DFBA-55B0-44BA-BABA-E9DAB616492E}.Release|arm64.ActiveCfg = Debug|Any CPU
		{26D8DFBA-55B0-44BA-BABA-E9DAB616492E}.Release|arm64.Build.0 = Debug|Any CPU
		{26D8DFBA-55B0-44BA-BABA-E9DAB616492E}.Release|x64.ActiveCfg = Debug|Any CPU
		{26D8DFBA-55B0-44BA-BABA-E9DAB616492E}.Release|x64.Build.0 = Debug|Any CPU
		{26D8DFBA-55B0-44BA-BABA-E9DAB616492E}.Release|x86.ActiveCfg = Debug|Any CPU
		{26D8DFBA-55B0-44BA-BABA-E9DAB616492E}.Release|x86.Build.0 = Debug|Any CPU
		{595EC7E6-699C-4E29-B958-098510A2BEEB}.Debug|Any CPU.ActiveCfg = Debug|Any CPU
		{595EC7E6-699C-4E29-B958-098510A2BEEB}.Debug|Any CPU.Build.0 = Debug|Any CPU
		{595EC7E6-699C-4E29-B958-098510A2BEEB}.Debug|ARM.ActiveCfg = Debug|Any CPU
		{595EC7E6-699C-4E29-B958-098510A2BEEB}.Debug|ARM.Build.0 = Debug|Any CPU
		{595EC7E6-699C-4E29-B958-098510A2BEEB}.Debug|arm64.ActiveCfg = Debug|Any CPU
		{595EC7E6-699C-4E29-B958-098510A2BEEB}.Debug|arm64.Build.0 = Debug|Any CPU
		{595EC7E6-699C-4E29-B958-098510A2BEEB}.Debug|x64.ActiveCfg = Debug|Any CPU
		{595EC7E6-699C-4E29-B958-098510A2BEEB}.Debug|x64.Build.0 = Debug|Any CPU
		{595EC7E6-699C-4E29-B958-098510A2BEEB}.Debug|x86.ActiveCfg = Debug|Any CPU
		{595EC7E6-699C-4E29-B958-098510A2BEEB}.Debug|x86.Build.0 = Debug|Any CPU
		{595EC7E6-699C-4E29-B958-098510A2BEEB}.Release|Any CPU.ActiveCfg = Release|Any CPU
		{595EC7E6-699C-4E29-B958-098510A2BEEB}.Release|Any CPU.Build.0 = Release|Any CPU
		{595EC7E6-699C-4E29-B958-098510A2BEEB}.Release|ARM.ActiveCfg = Release|Any CPU
		{595EC7E6-699C-4E29-B958-098510A2BEEB}.Release|ARM.Build.0 = Release|Any CPU
		{595EC7E6-699C-4E29-B958-098510A2BEEB}.Release|arm64.ActiveCfg = Release|Any CPU
		{595EC7E6-699C-4E29-B958-098510A2BEEB}.Release|arm64.Build.0 = Release|Any CPU
		{595EC7E6-699C-4E29-B958-098510A2BEEB}.Release|x64.ActiveCfg = Release|Any CPU
		{595EC7E6-699C-4E29-B958-098510A2BEEB}.Release|x64.Build.0 = Release|Any CPU
		{595EC7E6-699C-4E29-B958-098510A2BEEB}.Release|x86.ActiveCfg = Release|Any CPU
		{595EC7E6-699C-4E29-B958-098510A2BEEB}.Release|x86.Build.0 = Release|Any CPU
		{0973AB84-5351-4610-9856-31C20D97DB81}.Debug|Any CPU.ActiveCfg = Debug|Any CPU
		{0973AB84-5351-4610-9856-31C20D97DB81}.Debug|Any CPU.Build.0 = Debug|Any CPU
		{0973AB84-5351-4610-9856-31C20D97DB81}.Debug|ARM.ActiveCfg = Debug|Any CPU
		{0973AB84-5351-4610-9856-31C20D97DB81}.Debug|ARM.Build.0 = Debug|Any CPU
		{0973AB84-5351-4610-9856-31C20D97DB81}.Debug|arm64.ActiveCfg = Debug|Any CPU
		{0973AB84-5351-4610-9856-31C20D97DB81}.Debug|arm64.Build.0 = Debug|Any CPU
		{0973AB84-5351-4610-9856-31C20D97DB81}.Debug|x64.ActiveCfg = Debug|Any CPU
		{0973AB84-5351-4610-9856-31C20D97DB81}.Debug|x64.Build.0 = Debug|Any CPU
		{0973AB84-5351-4610-9856-31C20D97DB81}.Debug|x86.ActiveCfg = Debug|Any CPU
		{0973AB84-5351-4610-9856-31C20D97DB81}.Debug|x86.Build.0 = Debug|Any CPU
		{0973AB84-5351-4610-9856-31C20D97DB81}.Release|Any CPU.ActiveCfg = Release|Any CPU
		{0973AB84-5351-4610-9856-31C20D97DB81}.Release|Any CPU.Build.0 = Release|Any CPU
		{0973AB84-5351-4610-9856-31C20D97DB81}.Release|ARM.ActiveCfg = Release|Any CPU
		{0973AB84-5351-4610-9856-31C20D97DB81}.Release|ARM.Build.0 = Release|Any CPU
		{0973AB84-5351-4610-9856-31C20D97DB81}.Release|arm64.ActiveCfg = Release|Any CPU
		{0973AB84-5351-4610-9856-31C20D97DB81}.Release|arm64.Build.0 = Release|Any CPU
		{0973AB84-5351-4610-9856-31C20D97DB81}.Release|x64.ActiveCfg = Release|Any CPU
		{0973AB84-5351-4610-9856-31C20D97DB81}.Release|x64.Build.0 = Release|Any CPU
		{0973AB84-5351-4610-9856-31C20D97DB81}.Release|x86.ActiveCfg = Release|Any CPU
		{0973AB84-5351-4610-9856-31C20D97DB81}.Release|x86.Build.0 = Release|Any CPU
	EndGlobalSection
	GlobalSection(SolutionProperties) = preSolution
		HideSolutionNode = FALSE
	EndGlobalSection
	GlobalSection(ExtensibilityGlobals) = postSolution
		SolutionGuid = {C1AD2B23-E1E5-4764-9502-A6C2BBD90633}
	EndGlobalSection
EndGlobal
