
Microsoft Visual Studio Solution File, Format Version 12.00
# Visual Studio Version 17
VisualStudioVersion = 17.6.33606.364
MinimumVisualStudioVersion = 10.0.40219.1
Project("{9A19103F-16F7-4668-BE54-9A1E7A4F7556}") = "Kitopia", "uToolkitopia\Kitopia.csproj", "{72701095-3206-43E0-A20B-F27E821FA049}"
EndProject
Project("{9A19103F-16F7-4668-BE54-9A1E7A4F7556}") = "Core", "Core\Core.csproj", "{48AA7450-F61F-4D21-8B04-1649B1DED462}"
	ProjectSection(ProjectDependencies) = postProject
		{B27A1A07-DFEF-4802-99C6-A11AB41719CF} = {B27A1A07-DFEF-4802-99C6-A11AB41719CF}
		{0F8C4EDA-81CD-409A-A8FC-D13B22334429} = {0F8C4EDA-81CD-409A-A8FC-D13B22334429}
	EndProjectSection
EndProject
Project("{9A19103F-16F7-4668-BE54-9A1E7A4F7556}") = "TestProject1", "TestProject1\TestProject1.csproj", "{12CEA1A5-F9A7-4272-A061-27FD9F7BE905}"
EndProject
Project("{9A19103F-16F7-4668-BE54-9A1E7A4F7556}") = "Wpf.Ui", "..\wpfui\src\Wpf.Ui\Wpf.Ui.csproj", "{837711D7-E639-459A-A6FD-FFEF13E22A3C}"
EndProject
Project("{9A19103F-16F7-4668-BE54-9A1E7A4F7556}") = "PluginCore", "PluginCore\PluginCore.csproj", "{B27A1A07-DFEF-4802-99C6-A11AB41719CF}"
EndProject
Project("{9A19103F-16F7-4668-BE54-9A1E7A4F7556}") = "PluginDemo", "PluginDemo\PluginDemo.csproj", "{0F8C4EDA-81CD-409A-A8FC-D13B22334429}"
EndProject
Project("{8BC9CEB8-8B4A-11D0-8D11-00A0C91BC942}") = "ContextMenu", "ContextMenu\ContextMenu.vcxproj", "{16746B0C-5840-4ED4-AEDF-1ABB617827FD}"
EndProject
Project("{8BC9CEB8-8B4A-11D0-8D11-00A0C91BC942}") = "ContextMenuTest", "ContextMenuTest\ContextMenuTest.vcxproj", "{B86227AD-D071-4203-92F6-75EEB448BAA7}"
EndProject
Project("{FAE04EC0-301F-11D3-BF4B-00C04F79EFBC}") = "Nodify", "..\nodify\Nodify\Nodify.csproj", "{F5E3DED3-7319-4F8D-8125-0C47E25C4E19}"
EndProject
Project("{FAE04EC0-301F-11D3-BF4B-00C04F79EFBC}") = "Wpf.Ui.Tray", "..\wpfui\src\Wpf.Ui.Tray\Wpf.Ui.Tray.csproj", "{ECD72005-F5A7-4340-A19D-895AADDC417A}"
EndProject
Global
	GlobalSection(SolutionConfigurationPlatforms) = preSolution
		Debug|Any CPU = Debug|Any CPU
		Debug|ARM = Debug|ARM
		Debug|arm64 = Debug|arm64
		Debug|x64 = Debug|x64
		Debug|x86 = Debug|x86
		Release|Any CPU = Release|Any CPU
		Release|ARM = Release|ARM
		Release|arm64 = Release|arm64
		Release|x64 = Release|x64
		Release|x86 = Release|x86
	EndGlobalSection
	GlobalSection(ProjectConfigurationPlatforms) = postSolution
		{72701095-3206-43E0-A20B-F27E821FA049}.Debug|Any CPU.ActiveCfg = Debug|Any CPU
		{72701095-3206-43E0-A20B-F27E821FA049}.Debug|Any CPU.Build.0 = Debug|Any CPU
		{72701095-3206-43E0-A20B-F27E821FA049}.Debug|ARM.ActiveCfg = Debug|Any CPU
		{72701095-3206-43E0-A20B-F27E821FA049}.Debug|ARM.Build.0 = Debug|Any CPU
		{72701095-3206-43E0-A20B-F27E821FA049}.Debug|arm64.ActiveCfg = Debug|Any CPU
		{72701095-3206-43E0-A20B-F27E821FA049}.Debug|arm64.Build.0 = Debug|Any CPU
		{72701095-3206-43E0-A20B-F27E821FA049}.Debug|x64.ActiveCfg = Debug|Any CPU
		{72701095-3206-43E0-A20B-F27E821FA049}.Debug|x64.Build.0 = Debug|Any CPU
		{72701095-3206-43E0-A20B-F27E821FA049}.Debug|x86.ActiveCfg = Debug|Any CPU
		{72701095-3206-43E0-A20B-F27E821FA049}.Debug|x86.Build.0 = Debug|Any CPU
		{72701095-3206-43E0-A20B-F27E821FA049}.Release|Any CPU.ActiveCfg = Release|Any CPU
		{72701095-3206-43E0-A20B-F27E821FA049}.Release|Any CPU.Build.0 = Release|Any CPU
		{72701095-3206-43E0-A20B-F27E821FA049}.Release|ARM.ActiveCfg = Release|Any CPU
		{72701095-3206-43E0-A20B-F27E821FA049}.Release|ARM.Build.0 = Release|Any CPU
		{72701095-3206-43E0-A20B-F27E821FA049}.Release|arm64.ActiveCfg = Release|Any CPU
		{72701095-3206-43E0-A20B-F27E821FA049}.Release|arm64.Build.0 = Release|Any CPU
		{72701095-3206-43E0-A20B-F27E821FA049}.Release|x64.ActiveCfg = Release|Any CPU
		{72701095-3206-43E0-A20B-F27E821FA049}.Release|x64.Build.0 = Release|Any CPU
		{72701095-3206-43E0-A20B-F27E821FA049}.Release|x86.ActiveCfg = Release|Any CPU
		{72701095-3206-43E0-A20B-F27E821FA049}.Release|x86.Build.0 = Release|Any CPU
		{48AA7450-F61F-4D21-8B04-1649B1DED462}.Debug|Any CPU.ActiveCfg = Debug|Any CPU
		{48AA7450-F61F-4D21-8B04-1649B1DED462}.Debug|Any CPU.Build.0 = Debug|Any CPU
		{48AA7450-F61F-4D21-8B04-1649B1DED462}.Debug|ARM.ActiveCfg = Debug|Any CPU
		{48AA7450-F61F-4D21-8B04-1649B1DED462}.Debug|ARM.Build.0 = Debug|Any CPU
		{48AA7450-F61F-4D21-8B04-1649B1DED462}.Debug|arm64.ActiveCfg = Debug|Any CPU
		{48AA7450-F61F-4D21-8B04-1649B1DED462}.Debug|arm64.Build.0 = Debug|Any CPU
		{48AA7450-F61F-4D21-8B04-1649B1DED462}.Debug|x64.ActiveCfg = Debug|Any CPU
		{48AA7450-F61F-4D21-8B04-1649B1DED462}.Debug|x64.Build.0 = Debug|Any CPU
		{48AA7450-F61F-4D21-8B04-1649B1DED462}.Debug|x86.ActiveCfg = Debug|Any CPU
		{48AA7450-F61F-4D21-8B04-1649B1DED462}.Debug|x86.Build.0 = Debug|Any CPU
		{48AA7450-F61F-4D21-8B04-1649B1DED462}.Release|Any CPU.ActiveCfg = Release|Any CPU
		{48AA7450-F61F-4D21-8B04-1649B1DED462}.Release|Any CPU.Build.0 = Release|Any CPU
		{48AA7450-F61F-4D21-8B04-1649B1DED462}.Release|ARM.ActiveCfg = Release|Any CPU
		{48AA7450-F61F-4D21-8B04-1649B1DED462}.Release|ARM.Build.0 = Release|Any CPU
		{48AA7450-F61F-4D21-8B04-1649B1DED462}.Release|arm64.ActiveCfg = Release|Any CPU
		{48AA7450-F61F-4D21-8B04-1649B1DED462}.Release|arm64.Build.0 = Release|Any CPU
		{48AA7450-F61F-4D21-8B04-1649B1DED462}.Release|x64.ActiveCfg = Release|Any CPU
		{48AA7450-F61F-4D21-8B04-1649B1DED462}.Release|x64.Build.0 = Release|Any CPU
		{48AA7450-F61F-4D21-8B04-1649B1DED462}.Release|x86.ActiveCfg = Release|Any CPU
		{48AA7450-F61F-4D21-8B04-1649B1DED462}.Release|x86.Build.0 = Release|Any CPU
		{12CEA1A5-F9A7-4272-A061-27FD9F7BE905}.Debug|Any CPU.ActiveCfg = Debug|Any CPU
		{12CEA1A5-F9A7-4272-A061-27FD9F7BE905}.Debug|Any CPU.Build.0 = Debug|Any CPU
		{12CEA1A5-F9A7-4272-A061-27FD9F7BE905}.Debug|ARM.ActiveCfg = Debug|Any CPU
		{12CEA1A5-F9A7-4272-A061-27FD9F7BE905}.Debug|ARM.Build.0 = Debug|Any CPU
		{12CEA1A5-F9A7-4272-A061-27FD9F7BE905}.Debug|arm64.ActiveCfg = Debug|Any CPU
		{12CEA1A5-F9A7-4272-A061-27FD9F7BE905}.Debug|arm64.Build.0 = Debug|Any CPU
		{12CEA1A5-F9A7-4272-A061-27FD9F7BE905}.Debug|x64.ActiveCfg = Debug|Any CPU
		{12CEA1A5-F9A7-4272-A061-27FD9F7BE905}.Debug|x64.Build.0 = Debug|Any CPU
		{12CEA1A5-F9A7-4272-A061-27FD9F7BE905}.Debug|x86.ActiveCfg = Debug|Any CPU
		{12CEA1A5-F9A7-4272-A061-27FD9F7BE905}.Debug|x86.Build.0 = Debug|Any CPU
		{12CEA1A5-F9A7-4272-A061-27FD9F7BE905}.Release|Any CPU.ActiveCfg = Release|Any CPU
		{12CEA1A5-F9A7-4272-A061-27FD9F7BE905}.Release|Any CPU.Build.0 = Release|Any CPU
		{12CEA1A5-F9A7-4272-A061-27FD9F7BE905}.Release|ARM.ActiveCfg = Release|Any CPU
		{12CEA1A5-F9A7-4272-A061-27FD9F7BE905}.Release|ARM.Build.0 = Release|Any CPU
		{12CEA1A5-F9A7-4272-A061-27FD9F7BE905}.Release|arm64.ActiveCfg = Release|Any CPU
		{12CEA1A5-F9A7-4272-A061-27FD9F7BE905}.Release|arm64.Build.0 = Release|Any CPU
		{12CEA1A5-F9A7-4272-A061-27FD9F7BE905}.Release|x64.ActiveCfg = Release|Any CPU
		{12CEA1A5-F9A7-4272-A061-27FD9F7BE905}.Release|x64.Build.0 = Release|Any CPU
		{12CEA1A5-F9A7-4272-A061-27FD9F7BE905}.Release|x86.ActiveCfg = Release|Any CPU
		{12CEA1A5-F9A7-4272-A061-27FD9F7BE905}.Release|x86.Build.0 = Release|Any CPU
		{837711D7-E639-459A-A6FD-FFEF13E22A3C}.Debug|Any CPU.ActiveCfg = Debug|Any CPU
		{837711D7-E639-459A-A6FD-FFEF13E22A3C}.Debug|Any CPU.Build.0 = Debug|Any CPU
		{837711D7-E639-459A-A6FD-FFEF13E22A3C}.Debug|ARM.ActiveCfg = Debug|Any CPU
		{837711D7-E639-459A-A6FD-FFEF13E22A3C}.Debug|ARM.Build.0 = Debug|Any CPU
		{837711D7-E639-459A-A6FD-FFEF13E22A3C}.Debug|arm64.ActiveCfg = Debug|Any CPU
		{837711D7-E639-459A-A6FD-FFEF13E22A3C}.Debug|arm64.Build.0 = Debug|Any CPU
		{837711D7-E639-459A-A6FD-FFEF13E22A3C}.Debug|x64.ActiveCfg = Debug|Any CPU
		{837711D7-E639-459A-A6FD-FFEF13E22A3C}.Debug|x64.Build.0 = Debug|Any CPU
		{837711D7-E639-459A-A6FD-FFEF13E22A3C}.Debug|x86.ActiveCfg = Debug|Any CPU
		{837711D7-E639-459A-A6FD-FFEF13E22A3C}.Debug|x86.Build.0 = Debug|Any CPU
		{837711D7-E639-459A-A6FD-FFEF13E22A3C}.Release|Any CPU.ActiveCfg = Release|Any CPU
		{837711D7-E639-459A-A6FD-FFEF13E22A3C}.Release|Any CPU.Build.0 = Release|Any CPU
		{837711D7-E639-459A-A6FD-FFEF13E22A3C}.Release|ARM.ActiveCfg = Release|Any CPU
		{837711D7-E639-459A-A6FD-FFEF13E22A3C}.Release|ARM.Build.0 = Release|Any CPU
		{837711D7-E639-459A-A6FD-FFEF13E22A3C}.Release|arm64.ActiveCfg = Release|Any CPU
		{837711D7-E639-459A-A6FD-FFEF13E22A3C}.Release|arm64.Build.0 = Release|Any CPU
		{837711D7-E639-459A-A6FD-FFEF13E22A3C}.Release|x64.ActiveCfg = Release|Any CPU
		{837711D7-E639-459A-A6FD-FFEF13E22A3C}.Release|x64.Build.0 = Release|Any CPU
		{837711D7-E639-459A-A6FD-FFEF13E22A3C}.Release|x86.ActiveCfg = Release|Any CPU
		{837711D7-E639-459A-A6FD-FFEF13E22A3C}.Release|x86.Build.0 = Release|Any CPU
		{B27A1A07-DFEF-4802-99C6-A11AB41719CF}.Debug|ARM.ActiveCfg = Debug|Any CPU
		{B27A1A07-DFEF-4802-99C6-A11AB41719CF}.Debug|ARM.Build.0 = Debug|Any CPU
		{B27A1A07-DFEF-4802-99C6-A11AB41719CF}.Debug|arm64.ActiveCfg = Debug|Any CPU
		{B27A1A07-DFEF-4802-99C6-A11AB41719CF}.Debug|arm64.Build.0 = Debug|Any CPU
		{B27A1A07-DFEF-4802-99C6-A11AB41719CF}.Debug|x64.ActiveCfg = Debug|Any CPU
		{B27A1A07-DFEF-4802-99C6-A11AB41719CF}.Debug|x64.Build.0 = Debug|Any CPU
		{B27A1A07-DFEF-4802-99C6-A11AB41719CF}.Debug|x86.ActiveCfg = Debug|Any CPU
		{B27A1A07-DFEF-4802-99C6-A11AB41719CF}.Debug|x86.Build.0 = Debug|Any CPU
		{B27A1A07-DFEF-4802-99C6-A11AB41719CF}.Release|Any CPU.ActiveCfg = Release|Any CPU
		{B27A1A07-DFEF-4802-99C6-A11AB41719CF}.Release|Any CPU.Build.0 = Release|Any CPU
		{B27A1A07-DFEF-4802-99C6-A11AB41719CF}.Release|ARM.ActiveCfg = Release|Any CPU
		{B27A1A07-DFEF-4802-99C6-A11AB41719CF}.Release|ARM.Build.0 = Release|Any CPU
		{B27A1A07-DFEF-4802-99C6-A11AB41719CF}.Release|arm64.ActiveCfg = Release|Any CPU
		{B27A1A07-DFEF-4802-99C6-A11AB41719CF}.Release|arm64.Build.0 = Release|Any CPU
		{B27A1A07-DFEF-4802-99C6-A11AB41719CF}.Release|x64.ActiveCfg = Release|Any CPU
		{B27A1A07-DFEF-4802-99C6-A11AB41719CF}.Release|x64.Build.0 = Release|Any CPU
		{B27A1A07-DFEF-4802-99C6-A11AB41719CF}.Release|x86.ActiveCfg = Release|Any CPU
		{B27A1A07-DFEF-4802-99C6-A11AB41719CF}.Release|x86.Build.0 = Release|Any CPU
		{B27A1A07-DFEF-4802-99C6-A11AB41719CF}.Debug|Any CPU.ActiveCfg = Debug|Any CPU
		{B27A1A07-DFEF-4802-99C6-A11AB41719CF}.Debug|Any CPU.Build.0 = Debug|Any CPU
		{0F8C4EDA-81CD-409A-A8FC-D13B22334429}.Debug|ARM.ActiveCfg = Debug|Any CPU
		{0F8C4EDA-81CD-409A-A8FC-D13B22334429}.Debug|ARM.Build.0 = Debug|Any CPU
		{0F8C4EDA-81CD-409A-A8FC-D13B22334429}.Debug|arm64.ActiveCfg = Debug|Any CPU
		{0F8C4EDA-81CD-409A-A8FC-D13B22334429}.Debug|arm64.Build.0 = Debug|Any CPU
		{0F8C4EDA-81CD-409A-A8FC-D13B22334429}.Debug|x64.ActiveCfg = Debug|Any CPU
		{0F8C4EDA-81CD-409A-A8FC-D13B22334429}.Debug|x64.Build.0 = Debug|Any CPU
		{0F8C4EDA-81CD-409A-A8FC-D13B22334429}.Debug|x86.ActiveCfg = Debug|Any CPU
		{0F8C4EDA-81CD-409A-A8FC-D13B22334429}.Debug|x86.Build.0 = Debug|Any CPU
		{0F8C4EDA-81CD-409A-A8FC-D13B22334429}.Release|Any CPU.ActiveCfg = Release|Any CPU
		{0F8C4EDA-81CD-409A-A8FC-D13B22334429}.Release|Any CPU.Build.0 = Release|Any CPU
		{0F8C4EDA-81CD-409A-A8FC-D13B22334429}.Release|ARM.ActiveCfg = Release|Any CPU
		{0F8C4EDA-81CD-409A-A8FC-D13B22334429}.Release|ARM.Build.0 = Release|Any CPU
		{0F8C4EDA-81CD-409A-A8FC-D13B22334429}.Release|arm64.ActiveCfg = Release|Any CPU
		{0F8C4EDA-81CD-409A-A8FC-D13B22334429}.Release|arm64.Build.0 = Release|Any CPU
		{0F8C4EDA-81CD-409A-A8FC-D13B22334429}.Release|x64.ActiveCfg = Release|Any CPU
		{0F8C4EDA-81CD-409A-A8FC-D13B22334429}.Release|x64.Build.0 = Release|Any CPU
		{0F8C4EDA-81CD-409A-A8FC-D13B22334429}.Release|x86.ActiveCfg = Release|Any CPU
		{0F8C4EDA-81CD-409A-A8FC-D13B22334429}.Release|x86.Build.0 = Release|Any CPU
		{0F8C4EDA-81CD-409A-A8FC-D13B22334429}.Debug|Any CPU.ActiveCfg = Release|Any CPU
		{0F8C4EDA-81CD-409A-A8FC-D13B22334429}.Debug|Any CPU.Build.0 = Release|Any CPU
		{16746B0C-5840-4ED4-AEDF-1ABB617827FD}.Debug|Any CPU.ActiveCfg = Debug|Win32
		{16746B0C-5840-4ED4-AEDF-1ABB617827FD}.Debug|Any CPU.Build.0 = Debug|Win32
		{16746B0C-5840-4ED4-AEDF-1ABB617827FD}.Debug|ARM.ActiveCfg = Debug|ARM
		{16746B0C-5840-4ED4-AEDF-1ABB617827FD}.Debug|ARM.Build.0 = Debug|ARM
		{16746B0C-5840-4ED4-AEDF-1ABB617827FD}.Debug|arm64.ActiveCfg = Debug|Win32
		{16746B0C-5840-4ED4-AEDF-1ABB617827FD}.Debug|arm64.Build.0 = Debug|Win32
		{16746B0C-5840-4ED4-AEDF-1ABB617827FD}.Debug|x64.ActiveCfg = Debug|x64
		{16746B0C-5840-4ED4-AEDF-1ABB617827FD}.Debug|x64.Build.0 = Debug|x64
		{16746B0C-5840-4ED4-AEDF-1ABB617827FD}.Debug|x86.ActiveCfg = Debug|Win32
		{16746B0C-5840-4ED4-AEDF-1ABB617827FD}.Debug|x86.Build.0 = Debug|Win32
		{16746B0C-5840-4ED4-AEDF-1ABB617827FD}.Release|Any CPU.ActiveCfg = Release|Win32
		{16746B0C-5840-4ED4-AEDF-1ABB617827FD}.Release|Any CPU.Build.0 = Release|Win32
		{16746B0C-5840-4ED4-AEDF-1ABB617827FD}.Release|ARM.ActiveCfg = Release|ARM
		{16746B0C-5840-4ED4-AEDF-1ABB617827FD}.Release|ARM.Build.0 = Release|ARM
		{16746B0C-5840-4ED4-AEDF-1ABB617827FD}.Release|arm64.ActiveCfg = Release|Win32
		{16746B0C-5840-4ED4-AEDF-1ABB617827FD}.Release|arm64.Build.0 = Release|Win32
		{16746B0C-5840-4ED4-AEDF-1ABB617827FD}.Release|x64.ActiveCfg = Release|x64
		{16746B0C-5840-4ED4-AEDF-1ABB617827FD}.Release|x64.Build.0 = Release|x64
		{16746B0C-5840-4ED4-AEDF-1ABB617827FD}.Release|x86.ActiveCfg = Release|Win32
		{16746B0C-5840-4ED4-AEDF-1ABB617827FD}.Release|x86.Build.0 = Release|Win32
		{B86227AD-D071-4203-92F6-75EEB448BAA7}.Debug|Any CPU.ActiveCfg = Debug|Win32
		{B86227AD-D071-4203-92F6-75EEB448BAA7}.Debug|Any CPU.Build.0 = Debug|Win32
		{B86227AD-D071-4203-92F6-75EEB448BAA7}.Debug|ARM.ActiveCfg = Debug|Win32
		{B86227AD-D071-4203-92F6-75EEB448BAA7}.Debug|ARM.Build.0 = Debug|Win32
		{B86227AD-D071-4203-92F6-75EEB448BAA7}.Debug|arm64.ActiveCfg = Debug|Win32
		{B86227AD-D071-4203-92F6-75EEB448BAA7}.Debug|arm64.Build.0 = Debug|Win32
		{B86227AD-D071-4203-92F6-75EEB448BAA7}.Debug|x64.ActiveCfg = Debug|x64
		{B86227AD-D071-4203-92F6-75EEB448BAA7}.Debug|x64.Build.0 = Debug|x64
		{B86227AD-D071-4203-92F6-75EEB448BAA7}.Debug|x86.ActiveCfg = Debug|Win32
		{B86227AD-D071-4203-92F6-75EEB448BAA7}.Debug|x86.Build.0 = Debug|Win32
		{B86227AD-D071-4203-92F6-75EEB448BAA7}.Release|Any CPU.ActiveCfg = Release|Win32
		{B86227AD-D071-4203-92F6-75EEB448BAA7}.Release|Any CPU.Build.0 = Release|Win32
		{B86227AD-D071-4203-92F6-75EEB448BAA7}.Release|ARM.ActiveCfg = Release|Win32
		{B86227AD-D071-4203-92F6-75EEB448BAA7}.Release|ARM.Build.0 = Release|Win32
		{B86227AD-D071-4203-92F6-75EEB448BAA7}.Release|arm64.ActiveCfg = Release|Win32
		{B86227AD-D071-4203-92F6-75EEB448BAA7}.Release|arm64.Build.0 = Release|Win32
		{B86227AD-D071-4203-92F6-75EEB448BAA7}.Release|x64.ActiveCfg = Release|x64
		{B86227AD-D071-4203-92F6-75EEB448BAA7}.Release|x64.Build.0 = Release|x64
		{B86227AD-D071-4203-92F6-75EEB448BAA7}.Release|x86.ActiveCfg = Release|Win32
		{B86227AD-D071-4203-92F6-75EEB448BAA7}.Release|x86.Build.0 = Release|Win32
		{F5E3DED3-7319-4F8D-8125-0C47E25C4E19}.Debug|Any CPU.ActiveCfg = Debug|Any CPU
		{F5E3DED3-7319-4F8D-8125-0C47E25C4E19}.Debug|Any CPU.Build.0 = Debug|Any CPU
		{F5E3DED3-7319-4F8D-8125-0C47E25C4E19}.Debug|ARM.ActiveCfg = Debug|Any CPU
		{F5E3DED3-7319-4F8D-8125-0C47E25C4E19}.Debug|ARM.Build.0 = Debug|Any CPU
		{F5E3DED3-7319-4F8D-8125-0C47E25C4E19}.Debug|arm64.ActiveCfg = Debug|Any CPU
		{F5E3DED3-7319-4F8D-8125-0C47E25C4E19}.Debug|arm64.Build.0 = Debug|Any CPU
		{F5E3DED3-7319-4F8D-8125-0C47E25C4E19}.Debug|x64.ActiveCfg = Debug|Any CPU
		{F5E3DED3-7319-4F8D-8125-0C47E25C4E19}.Debug|x64.Build.0 = Debug|Any CPU
		{F5E3DED3-7319-4F8D-8125-0C47E25C4E19}.Debug|x86.ActiveCfg = Debug|Any CPU
		{F5E3DED3-7319-4F8D-8125-0C47E25C4E19}.Debug|x86.Build.0 = Debug|Any CPU
		{F5E3DED3-7319-4F8D-8125-0C47E25C4E19}.Release|Any CPU.ActiveCfg = Release|Any CPU
		{F5E3DED3-7319-4F8D-8125-0C47E25C4E19}.Release|Any CPU.Build.0 = Release|Any CPU
		{F5E3DED3-7319-4F8D-8125-0C47E25C4E19}.Release|ARM.ActiveCfg = Release|Any CPU
		{F5E3DED3-7319-4F8D-8125-0C47E25C4E19}.Release|ARM.Build.0 = Release|Any CPU
		{F5E3DED3-7319-4F8D-8125-0C47E25C4E19}.Release|arm64.ActiveCfg = Release|Any CPU
		{F5E3DED3-7319-4F8D-8125-0C47E25C4E19}.Release|arm64.Build.0 = Release|Any CPU
		{F5E3DED3-7319-4F8D-8125-0C47E25C4E19}.Release|x64.ActiveCfg = Release|Any CPU
		{F5E3DED3-7319-4F8D-8125-0C47E25C4E19}.Release|x64.Build.0 = Release|Any CPU
		{F5E3DED3-7319-4F8D-8125-0C47E25C4E19}.Release|x86.ActiveCfg = Release|Any CPU
		{F5E3DED3-7319-4F8D-8125-0C47E25C4E19}.Release|x86.Build.0 = Release|Any CPU
		{ECD72005-F5A7-4340-A19D-895AADDC417A}.Debug|Any CPU.ActiveCfg = Debug|Any CPU
		{ECD72005-F5A7-4340-A19D-895AADDC417A}.Debug|Any CPU.Build.0 = Debug|Any CPU
		{ECD72005-F5A7-4340-A19D-895AADDC417A}.Debug|ARM.ActiveCfg = Debug|Any CPU
		{ECD72005-F5A7-4340-A19D-895AADDC417A}.Debug|ARM.Build.0 = Debug|Any CPU
		{ECD72005-F5A7-4340-A19D-895AADDC417A}.Debug|arm64.ActiveCfg = Debug|Any CPU
		{ECD72005-F5A7-4340-A19D-895AADDC417A}.Debug|arm64.Build.0 = Debug|Any CPU
		{ECD72005-F5A7-4340-A19D-895AADDC417A}.Debug|x64.ActiveCfg = Debug|Any CPU
		{ECD72005-F5A7-4340-A19D-895AADDC417A}.Debug|x64.Build.0 = Debug|Any CPU
		{ECD72005-F5A7-4340-A19D-895AADDC417A}.Debug|x86.ActiveCfg = Debug|Any CPU
		{ECD72005-F5A7-4340-A19D-895AADDC417A}.Debug|x86.Build.0 = Debug|Any CPU
		{ECD72005-F5A7-4340-A19D-895AADDC417A}.Release|Any CPU.ActiveCfg = Release|Any CPU
		{ECD72005-F5A7-4340-A19D-895AADDC417A}.Release|Any CPU.Build.0 = Release|Any CPU
		{ECD72005-F5A7-4340-A19D-895AADDC417A}.Release|ARM.ActiveCfg = Release|Any CPU
		{ECD72005-F5A7-4340-A19D-895AADDC417A}.Release|ARM.Build.0 = Release|Any CPU
		{ECD72005-F5A7-4340-A19D-895AADDC417A}.Release|arm64.ActiveCfg = Release|Any CPU
		{ECD72005-F5A7-4340-A19D-895AADDC417A}.Release|arm64.Build.0 = Release|Any CPU
		{ECD72005-F5A7-4340-A19D-895AADDC417A}.Release|x64.ActiveCfg = Release|Any CPU
		{ECD72005-F5A7-4340-A19D-895AADDC417A}.Release|x64.Build.0 = Release|Any CPU
		{ECD72005-F5A7-4340-A19D-895AADDC417A}.Release|x86.ActiveCfg = Release|Any CPU
		{ECD72005-F5A7-4340-A19D-895AADDC417A}.Release|x86.Build.0 = Release|Any CPU
	EndGlobalSection
	GlobalSection(SolutionProperties) = preSolution
		HideSolutionNode = FALSE
	EndGlobalSection
	GlobalSection(ExtensibilityGlobals) = postSolution
		SolutionGuid = {C1AD2B23-E1E5-4764-9502-A6C2BBD90633}
	EndGlobalSection
EndGlobal
